
Microsoft Visual Studio Solution File, Format Version 12.00
# Visual Studio Version 17
VisualStudioVersion = 17.4.33122.133
MinimumVisualStudioVersion = 10.0.40219.1
Project("{FAE04EC0-301F-11D3-BF4B-00C04F79EFBC}") = "SRP", "SOLID\SRP.csproj", "{B6D488C8-54DB-4548-A7C3-76708AEA6279}"
EndProject
Project("{2150E333-8FDC-42A3-9474-1A3956D46DE8}") = "SRP", "SRP", "{E3DE7C23-14AC-40D0-9C13-F2F28A711E7D}"
EndProject
Project("{2150E333-8FDC-42A3-9474-1A3956D46DE8}") = "OpenClosed", "OpenClosed", "{BF48B763-BE91-40B4-ABD7-29BF4A65B036}"
EndProject
Project("{FAE04EC0-301F-11D3-BF4B-00C04F79EFBC}") = "OpenClosed", "OpenClosed\OpenClosed.csproj", "{8E1AF2D1-1CD4-42DC-AF8D-A858CD0ADA7A}"
EndProject
Global
	GlobalSection(SolutionConfigurationPlatforms) = preSolution
		Debug|Any CPU = Debug|Any CPU
		Release|Any CPU = Release|Any CPU
	EndGlobalSection
	GlobalSection(ProjectConfigurationPlatforms) = postSolution
		{B6D488C8-54DB-4548-A7C3-76708AEA6279}.Debug|Any CPU.ActiveCfg = Debug|Any CPU
		{B6D488C8-54DB-4548-A7C3-76708AEA6279}.Debug|Any CPU.Build.0 = Debug|Any CPU
		{B6D488C8-54DB-4548-A7C3-76708AEA6279}.Release|Any CPU.ActiveCfg = Release|Any CPU
		{B6D488C8-54DB-4548-A7C3-76708AEA6279}.Release|Any CPU.Build.0 = Release|Any CPU
		{8E1AF2D1-1CD4-42DC-AF8D-A858CD0ADA7A}.Debug|Any CPU.ActiveCfg = Debug|Any CPU
		{8E1AF2D1-1CD4-42DC-AF8D-A858CD0ADA7A}.Debug|Any CPU.Build.0 = Debug|Any CPU
		{8E1AF2D1-1CD4-42DC-AF8D-A858CD0ADA7A}.Release|Any CPU.ActiveCfg = Release|Any CPU
		{8E1AF2D1-1CD4-42DC-AF8D-A858CD0ADA7A}.Release|Any CPU.Build.0 = Release|Any CPU
	EndGlobalSection
	GlobalSection(SolutionProperties) = preSolution
		HideSolutionNode = FALSE
	EndGlobalSection
	GlobalSection(NestedProjects) = preSolution
		{B6D488C8-54DB-4548-A7C3-76708AEA6279} = {E3DE7C23-14AC-40D0-9C13-F2F28A711E7D}
		{8E1AF2D1-1CD4-42DC-AF8D-A858CD0ADA7A} = {BF48B763-BE91-40B4-ABD7-29BF4A65B036}
	EndGlobalSection
	GlobalSection(ExtensibilityGlobals) = postSolution
		SolutionGuid = {ADCC9FE4-0DA4-478D-952C-20E7D662D4F5}
	EndGlobalSection
EndGlobal
